PODS:
  - Alamofire (5.4.4)
  - Kingfisher (7.1.1)
  - lottie-ios (3.2.3)

DEPENDENCIES:
  - Alamofire
  - Kingfisher (~> 7.0)
  - lottie-ios

SPEC REPOS:
  trunk:
    - Alamofire
    - Kingfisher
    - lottie-ios

SPEC CHECKSUMS:
  Alamofire: f3b09a368f1582ab751b3fff5460276e0d2cf5c9
  Kingfisher: f738f9c4a3415823b8e2985d10aa2d6a9f37bc4d
  lottie-ios: c058aeafa76daa4cf64d773554bccc8385d0150e

PODFILE CHECKSUM: e7a80e6803db2ea3a6bed286c934a4464c4ea0e4

COCOAPODS: 1.11.2
